# THIS IS AN AUTOGENERATED FILE. DO NOT EDIT THIS FILE DIRECTLY.
# yarn lockfile v1


cue-parser-plus@^0.0.5:
  version "0.0.5"
  resolved "https://registry.yarnpkg.com/cue-parser-plus/-/cue-parser-plus-0.0.5.tgz#508300022bcf67a95d3369679e3c0411de2f888d"
  integrity sha1-UIMAAivPZ6ldM2lnnjwEEd4viI0=
